
Microsoft Visual Studio Solution File, Format Version 12.00
# Visual Studio Version 17
VisualStudioVersion = 17.11.35208.52
MinimumVisualStudioVersion = 10.0.40219.1
Project("{FAE04EC0-301F-11D3-BF4B-00C04F79EFBC}") = "Talabat.APIs", "Talabat.APIs\Talabat.APIs.csproj", "{4F3C2F8D-D874-4F66-874D-7E531ADF4548}"
EndProject
Project("{FAE04EC0-301F-11D3-BF4B-00C04F79EFBC}") = "Talabat.Core", "Talabat.Core\Talabat.Core.csproj", "{EF7199FC-FB50-44F8-8307-6F8776CA6FAC}"
EndProject
Project("{FAE04EC0-301F-11D3-BF4B-00C04F79EFBC}") = "Talabat.Repository", "Talabat.Repository\Talabat.Repository.csproj", "{5D3F3396-EC4E-48A3-BDD7-2AB69B538254}"
EndProject
Project("{FAE04EC0-301F-11D3-BF4B-00C04F79EFBC}") = "Talabat.Service", "Talabat.Service\Talabat.Service.csproj", "{BCCE1E91-9A5F-4465-A9D6-DEAE01394F65}"
EndProject
Global
	GlobalSection(SolutionConfigurationPlatforms) = preSolution
		Debug|Any CPU = Debug|Any CPU
		Release|Any CPU = Release|Any CPU
	EndGlobalSection
	GlobalSection(ProjectConfigurationPlatforms) = postSolution
		{4F3C2F8D-D874-4F66-874D-7E531ADF4548}.Debug|Any CPU.ActiveCfg = Debug|Any CPU
		{4F3C2F8D-D874-4F66-874D-7E531ADF4548}.Debug|Any CPU.Build.0 = Debug|Any CPU
		{4F3C2F8D-D874-4F66-874D-7E531ADF4548}.Release|Any CPU.ActiveCfg = Release|Any CPU
		{4F3C2F8D-D874-4F66-874D-7E531ADF4548}.Release|Any CPU.Build.0 = Release|Any CPU
		{EF7199FC-FB50-44F8-8307-6F8776CA6FAC}.Debug|Any CPU.ActiveCfg = Debug|Any CPU
		{EF7199FC-FB50-44F8-8307-6F8776CA6FAC}.Debug|Any CPU.Build.0 = Debug|Any CPU
		{EF7199FC-FB50-44F8-8307-6F8776CA6FAC}.Release|Any CPU.ActiveCfg = Release|Any CPU
		{EF7199FC-FB50-44F8-8307-6F8776CA6FAC}.Release|Any CPU.Build.0 = Release|Any CPU
		{5D3F3396-EC4E-48A3-BDD7-2AB69B538254}.Debug|Any CPU.ActiveCfg = Debug|Any CPU
		{5D3F3396-EC4E-48A3-BDD7-2AB69B538254}.Debug|Any CPU.Build.0 = Debug|Any CPU
		{5D3F3396-EC4E-48A3-BDD7-2AB69B538254}.Release|Any CPU.ActiveCfg = Release|Any CPU
		{5D3F3396-EC4E-48A3-BDD7-2AB69B538254}.Release|Any CPU.Build.0 = Release|Any CPU
		{BCCE1E91-9A5F-4465-A9D6-DEAE01394F65}.Debug|Any CPU.ActiveCfg = Debug|Any CPU
		{BCCE1E91-9A5F-4465-A9D6-DEAE01394F65}.Debug|Any CPU.Build.0 = Debug|Any CPU
		{BCCE1E91-9A5F-4465-A9D6-DEAE01394F65}.Release|Any CPU.ActiveCfg = Release|Any CPU
		{BCCE1E91-9A5F-4465-A9D6-DEAE01394F65}.Release|Any CPU.Build.0 = Release|Any CPU
	EndGlobalSection
	GlobalSection(SolutionProperties) = preSolution
		HideSolutionNode = FALSE
	EndGlobalSection
	GlobalSection(ExtensibilityGlobals) = postSolution
		SolutionGuid = {DFA7EDBC-E6C9-4BF5-BD9B-9451BBEF236A}
	EndGlobalSection
EndGlobal
